
Microsoft Visual Studio Solution File, Format Version 12.00
# Visual Studio 15
VisualStudioVersion = 15.0.26730.12
MinimumVisualStudioVersion = 10.0.40219.1
Project("{FAE04EC0-301F-11D3-BF4B-00C04F79EFBC}") = "CarpenterWorkshopModel", "CarpenterWorkshop\CarpenterWorkshopModel.csproj", "{4E974F8C-24D5-40F9-A641-7572B129ED98}"
EndProject
Project("{FAE04EC0-301F-11D3-BF4B-00C04F79EFBC}") = "CarpenterWorkshopService", "CarpenterWorkshopService\CarpenterWorkshopService.csproj", "{A99698C9-19F3-4CBF-9E32-C1CC586ACBE5}"
EndProject
Project("{FAE04EC0-301F-11D3-BF4B-00C04F79EFBC}") = "CarpenterWorkshopView", "CarpenterWorkshopView\CarpenterWorkshopView.csproj", "{8E8D100C-DD6A-4BB8-B9D8-FD5387C1FA55}"
EndProject
Project("{FAE04EC0-301F-11D3-BF4B-00C04F79EFBC}") = "CarpenterWorkshopWpf", "CarpenterWorkshopWpf\CarpenterWorkshopWpf.csproj", "{1DF259FC-45A1-48B0-8594-8462A06F0DE2}"
EndProject
Global
	GlobalSection(SolutionConfigurationPlatforms) = preSolution
		Debug|Any CPU = Debug|Any CPU
		Release|Any CPU = Release|Any CPU
	EndGlobalSection
	GlobalSection(ProjectConfigurationPlatforms) = postSolution
		{4E974F8C-24D5-40F9-A641-7572B129ED98}.Debug|Any CPU.ActiveCfg = Debug|Any CPU
		{4E974F8C-24D5-40F9-A641-7572B129ED98}.Debug|Any CPU.Build.0 = Debug|Any CPU
		{4E974F8C-24D5-40F9-A641-7572B129ED98}.Release|Any CPU.ActiveCfg = Release|Any CPU
		{4E974F8C-24D5-40F9-A641-7572B129ED98}.Release|Any CPU.Build.0 = Release|Any CPU
		{A99698C9-19F3-4CBF-9E32-C1CC586ACBE5}.Debug|Any CPU.ActiveCfg = Debug|Any CPU
		{A99698C9-19F3-4CBF-9E32-C1CC586ACBE5}.Debug|Any CPU.Build.0 = Debug|Any CPU
		{A99698C9-19F3-4CBF-9E32-C1CC586ACBE5}.Release|Any CPU.ActiveCfg = Release|Any CPU
		{A99698C9-19F3-4CBF-9E32-C1CC586ACBE5}.Release|Any CPU.Build.0 = Release|Any CPU
		{8E8D100C-DD6A-4BB8-B9D8-FD5387C1FA55}.Debug|Any CPU.ActiveCfg = Debug|Any CPU
		{8E8D100C-DD6A-4BB8-B9D8-FD5387C1FA55}.Debug|Any CPU.Build.0 = Debug|Any CPU
		{8E8D100C-DD6A-4BB8-B9D8-FD5387C1FA55}.Release|Any CPU.ActiveCfg = Release|Any CPU
		{8E8D100C-DD6A-4BB8-B9D8-FD5387C1FA55}.Release|Any CPU.Build.0 = Release|Any CPU
		{1DF259FC-45A1-48B0-8594-8462A06F0DE2}.Debug|Any CPU.ActiveCfg = Debug|Any CPU
		{1DF259FC-45A1-48B0-8594-8462A06F0DE2}.Debug|Any CPU.Build.0 = Debug|Any CPU
		{1DF259FC-45A1-48B0-8594-8462A06F0DE2}.Release|Any CPU.ActiveCfg = Release|Any CPU
		{1DF259FC-45A1-48B0-8594-8462A06F0DE2}.Release|Any CPU.Build.0 = Release|Any CPU
	EndGlobalSection
	GlobalSection(SolutionProperties) = preSolution
		HideSolutionNode = FALSE
	EndGlobalSection
	GlobalSection(ExtensibilityGlobals) = postSolution
		SolutionGuid = {87ABDE33-5615-4E95-8E7A-22CC2A78E061}
	EndGlobalSection
EndGlobal
